// !$*UTF8*$!
{
	archiveVersion = 1;
	classes = {
	};
	objectVersion = 55;
	objects = {

/* Begin PBXBuildFile section */
		4D0C47FB27E3F5F0002FFCAA /* CameraPreview.swift in Sources */ = {isa = PBXBuildFile; fileRef = 4D0C47FA27E3F5F0002FFCAA /* CameraPreview.swift */; };
		4D0C47FD27E3FA3B002FFCAA /* CameraModel.swift in Sources */ = {isa = PBXBuildFile; fileRef = 4D0C47FC27E3FA3B002FFCAA /* CameraModel.swift */; };
		4D0C47FF27E3FAFC002FFCAA /* AppModel.swift in Sources */ = {isa = PBXBuildFile; fileRef = 4D0C47FE27E3FAFC002FFCAA /* AppModel.swift */; };
		4D5670CE2845CD7100AB80EF /* ExtensionHelper.swift in Sources */ = {isa = PBXBuildFile; fileRef = 4D5670CD2845CD7100AB80EF /* ExtensionHelper.swift */; };
		4D7E00E2283C4219005B3599 /* XPCService.swift in Sources */ = {isa = PBXBuildFile; fileRef = 4D7E00E1283C4219005B3599 /* XPCService.swift */; };
		4D7E00E4283C4219005B3599 /* main.swift in Sources */ = {isa = PBXBuildFile; fileRef = 4D7E00E3283C4219005B3599 /* main.swift */; };
		4D7E00E8283C4219005B3599 /* XPCService.xpc in Embed XPC Services */ = {isa = PBXBuildFile; fileRef = 4D7E00DD283C4219005B3599 /* XPCService.xpc */; settings = {ATTRIBUTES = (RemoveHeadersOnCopy, ); }; };
		4D7E00EE283C4AAF005B3599 /* XPCServiceDelegate.swift in Sources */ = {isa = PBXBuildFile; fileRef = 4D7E00ED283C4AAF005B3599 /* XPCServiceDelegate.swift */; };
		4D7E00EF283C4B61005B3599 /* XPCServiceProtocol.swift in Sources */ = {isa = PBXBuildFile; fileRef = 4D7E00DF283C4219005B3599 /* XPCServiceProtocol.swift */; };
		4D7E00F0283C4B88005B3599 /* XPCServiceProtocol.swift in Sources */ = {isa = PBXBuildFile; fileRef = 4D7E00DF283C4219005B3599 /* XPCServiceProtocol.swift */; };
		4D7E00F1283C4C40005B3599 /* XPCServiceProtocol.swift in Sources */ = {isa = PBXBuildFile; fileRef = 4D7E00DF283C4219005B3599 /* XPCServiceProtocol.swift */; };
		4D92726E283D75110026508E /* XPCService.swift in Sources */ = {isa = PBXBuildFile; fileRef = 4D7E00E1283C4219005B3599 /* XPCService.swift */; };
		4D92726F283D75140026508E /* XPCServiceDelegate.swift in Sources */ = {isa = PBXBuildFile; fileRef = 4D7E00ED283C4AAF005B3599 /* XPCServiceDelegate.swift */; };
		4D9B53F827D15E300041DFF3 /* CameraTestApp.swift in Sources */ = {isa = PBXBuildFile; fileRef = 4D9B53F727D15E300041DFF3 /* CameraTestApp.swift */; };
		4D9B53FA27D15E300041DFF3 /* ContentView.swift in Sources */ = {isa = PBXBuildFile; fileRef = 4D9B53F927D15E300041DFF3 /* ContentView.swift */; };
		4D9B53FC27D15E310041DFF3 /* Assets.xcassets in Resources */ = {isa = PBXBuildFile; fileRef = 4D9B53FB27D15E310041DFF3 /* Assets.xcassets */; };
		4D9B53FF27D15E310041DFF3 /* Preview Assets.xcassets in Resources */ = {isa = PBXBuildFile; fileRef = 4D9B53FE27D15E310041DFF3 /* Preview Assets.xcassets */; };
		4D9B540D27D15ED60041DFF3 /* cameraProvider.swift in Sources */ = {isa = PBXBuildFile; fileRef = 4D9B540C27D15ED60041DFF3 /* cameraProvider.swift */; };
		4D9B540F27D15ED60041DFF3 /* main.swift in Sources */ = {isa = PBXBuildFile; fileRef = 4D9B540E27D15ED60041DFF3 /* main.swift */; };
		4D9B541427D15ED60041DFF3 /* app.mmhmm.CameraTest.camera.systemextension in Embed System Extensions */ = {isa = PBXBuildFile; fileRef = 4D9B540A27D15ED60041DFF3 /* app.mmhmm.CameraTest.camera.systemextension */; settings = {ATTRIBUTES = (RemoveHeadersOnCopy, ); }; };
/* End PBXBuildFile section */

/* Begin PBXContainerItemProxy section */
		4D7E00E6283C4219005B3599 /* PBXContainerItemProxy */ = {
			isa = PBXContainerItemProxy;
			containerPortal = 4D9B53EC27D15E300041DFF3 /* Project object */;
			proxyType = 1;
			remoteGlobalIDString = 4D7E00DC283C4219005B3599;
			remoteInfo = XPCService;
		};
		4D9B541227D15ED60041DFF3 /* PBXContainerItemProxy */ = {
			isa = PBXContainerItemProxy;
			containerPortal = 4D9B53EC27D15E300041DFF3 /* Project object */;
			proxyType = 1;
			remoteGlobalIDString = 4D9B540927D15ED60041DFF3;
			remoteInfo = camera;
		};
/* End PBXContainerItemProxy section */

/* Begin PBXCopyFilesBuildPhase section */
		4D7E00E9283C4219005B3599 /* Embed XPC Services */ = {
			isa = PBXCopyFilesBuildPhase;
			buildActionMask = 2147483647;
			dstPath = "$(CONTENTS_FOLDER_PATH)/XPCServices";
			dstSubfolderSpec = 16;
			files = (
				4D7E00E8283C4219005B3599 /* XPCService.xpc in Embed XPC Services */,
			);
			name = "Embed XPC Services";
			runOnlyForDeploymentPostprocessing = 0;
		};
		4D9B541827D15ED60041DFF3 /* Embed System Extensions */ = {
			isa = PBXCopyFilesBuildPhase;
			buildActionMask = 2147483647;
			dstPath = "$(SYSTEM_EXTENSIONS_FOLDER_PATH)";
			dstSubfolderSpec = 16;
			files = (
				4D9B541427D15ED60041DFF3 /* app.mmhmm.CameraTest.camera.systemextension in Embed System Extensions */,
			);
			name = "Embed System Extensions";
			runOnlyForDeploymentPostprocessing = 0;
		};
/* End PBXCopyFilesBuildPhase section */

/* Begin PBXFileReference section */
		4D0C47FA27E3F5F0002FFCAA /* CameraPreview.swift */ = {isa = PBXFileReference; lastKnownFileType = sourcecode.swift; path = CameraPreview.swift; sourceTree = "<group>"; };
		4D0C47FC27E3FA3B002FFCAA /* CameraModel.swift */ = {isa = PBXFileReference; lastKnownFileType = sourcecode.swift; path = CameraModel.swift; sourceTree = "<group>"; };
		4D0C47FE27E3FAFC002FFCAA /* AppModel.swift */ = {isa = PBXFileReference; lastKnownFileType = sourcecode.swift; path = AppModel.swift; sourceTree = "<group>"; };
		4D5670CD2845CD7100AB80EF /* ExtensionHelper.swift */ = {isa = PBXFileReference; lastKnownFileType = sourcecode.swift; path = ExtensionHelper.swift; sourceTree = "<group>"; };
		4D630187283C746200F2D453 /* XPCService.entitlements */ = {isa = PBXFileReference; lastKnownFileType = text.plist.entitlements; path = XPCService.entitlements; sourceTree = "<group>"; };
		4D7E00DD283C4219005B3599 /* XPCService.xpc */ = {isa = PBXFileReference; explicitFileType = "wrapper.xpc-service"; includeInIndex = 0; path = XPCService.xpc; sourceTree = BUILT_PRODUCTS_DIR; };
		4D7E00DF283C4219005B3599 /* XPCServiceProtocol.swift */ = {isa = PBXFileReference; lastKnownFileType = sourcecode.swift; path = XPCServiceProtocol.swift; sourceTree = "<group>"; };
		4D7E00E1283C4219005B3599 /* XPCService.swift */ = {isa = PBXFileReference; lastKnownFileType = sourcecode.swift; path = XPCService.swift; sourceTree = "<group>"; };
		4D7E00E3283C4219005B3599 /* main.swift */ = {isa = PBXFileReference; lastKnownFileType = sourcecode.swift; path = main.swift; sourceTree = "<group>"; };
		4D7E00E5283C4219005B3599 /* Info.plist */ = {isa = PBXFileReference; lastKnownFileType = text.plist.xml; path = Info.plist; sourceTree = "<group>"; };
		4D7E00ED283C4AAF005B3599 /* XPCServiceDelegate.swift */ = {isa = PBXFileReference; lastKnownFileType = sourcecode.swift; path = XPCServiceDelegate.swift; sourceTree = "<group>"; };
		4D9B53F427D15E300041DFF3 /* CameraTest.app */ = {isa = PBXFileReference; explicitFileType = wrapper.application; includeInIndex = 0; path = CameraTest.app; sourceTree = BUILT_PRODUCTS_DIR; };
		4D9B53F727D15E300041DFF3 /* CameraTestApp.swift */ = {isa = PBXFileReference; lastKnownFileType = sourcecode.swift; path = CameraTestApp.swift; sourceTree = "<group>"; };
		4D9B53F927D15E300041DFF3 /* ContentView.swift */ = {isa = PBXFileReference; lastKnownFileType = sourcecode.swift; path = ContentView.swift; sourceTree = "<group>"; };
		4D9B53FB27D15E310041DFF3 /* Assets.xcassets */ = {isa = PBXFileReference; lastKnownFileType = folder.assetcatalog; path = Assets.xcassets; sourceTree = "<group>"; };
		4D9B53FE27D15E310041DFF3 /* Preview Assets.xcassets */ = {isa = PBXFileReference; lastKnownFileType = folder.assetcatalog; path = "Preview Assets.xcassets"; sourceTree = "<group>"; };
		4D9B540027D15E310041DFF3 /* CameraTest.entitlements */ = {isa = PBXFileReference; lastKnownFileType = text.plist.entitlements; path = CameraTest.entitlements; sourceTree = "<group>"; };
		4D9B540A27D15ED60041DFF3 /* app.mmhmm.CameraTest.camera.systemextension */ = {isa = PBXFileReference; explicitFileType = "wrapper.system-extension"; includeInIndex = 0; path = app.mmhmm.CameraTest.camera.systemextension; sourceTree = BUILT_PRODUCTS_DIR; };
		4D9B540C27D15ED60041DFF3 /* cameraProvider.swift */ = {isa = PBXFileReference; lastKnownFileType = sourcecode.swift; path = cameraProvider.swift; sourceTree = "<group>"; };
		4D9B540E27D15ED60041DFF3 /* main.swift */ = {isa = PBXFileReference; lastKnownFileType = sourcecode.swift; path = main.swift; sourceTree = "<group>"; };
		4D9B541027D15ED60041DFF3 /* Info.plist */ = {isa = PBXFileReference; lastKnownFileType = text.plist.xml; path = Info.plist; sourceTree = "<group>"; };
		4D9B541127D15ED60041DFF3 /* camera.entitlements */ = {isa = PBXFileReference; lastKnownFileType = text.plist.entitlements; path = camera.entitlements; sourceTree = "<group>"; };
/* End PBXFileReference section */

/* Begin PBXFrameworksBuildPhase section */
		4D7E00DA283C4219005B3599 /* Frameworks */ = {
			isa = PBXFrameworksBuildPhase;
			buildActionMask = 2147483647;
			files = (
			);
			runOnlyForDeploymentPostprocessing = 0;
		};
		4D9B53F127D15E300041DFF3 /* Frameworks */ = {
			isa = PBXFrameworksBuildPhase;
			buildActionMask = 2147483647;
			files = (
			);
			runOnlyForDeploymentPostprocessing = 0;
		};
		4D9B540727D15ED60041DFF3 /* Frameworks */ = {
			isa = PBXFrameworksBuildPhase;
			buildActionMask = 2147483647;
			files = (
			);
			runOnlyForDeploymentPostprocessing = 0;
		};
/* End PBXFrameworksBuildPhase section */

/* Begin PBXGroup section */
		4D7E00DE283C4219005B3599 /* XPCService */ = {
			isa = PBXGroup;
			children = (
				4D7E00DF283C4219005B3599 /* XPCServiceProtocol.swift */,
				4D7E00E1283C4219005B3599 /* XPCService.swift */,
				4D7E00ED283C4AAF005B3599 /* XPCServiceDelegate.swift */,
				4D7E00E3283C4219005B3599 /* main.swift */,
				4D7E00E5283C4219005B3599 /* Info.plist */,
				4D630187283C746200F2D453 /* XPCService.entitlements */,
			);
			path = XPCService;
			sourceTree = "<group>";
		};
		4D9B53EB27D15E300041DFF3 = {
			isa = PBXGroup;
			children = (
				4D9B53F627D15E300041DFF3 /* CameraTest */,
				4D9B540B27D15ED60041DFF3 /* camera */,
				4D7E00DE283C4219005B3599 /* XPCService */,
				4D9B53F527D15E300041DFF3 /* Products */,
			);
			sourceTree = "<group>";
		};
		4D9B53F527D15E300041DFF3 /* Products */ = {
			isa = PBXGroup;
			children = (
				4D9B53F427D15E300041DFF3 /* CameraTest.app */,
				4D9B540A27D15ED60041DFF3 /* app.mmhmm.CameraTest.camera.systemextension */,
				4D7E00DD283C4219005B3599 /* XPCService.xpc */,
			);
			name = Products;
			sourceTree = "<group>";
		};
		4D9B53F627D15E300041DFF3 /* CameraTest */ = {
			isa = PBXGroup;
			children = (
				4D9B53F727D15E300041DFF3 /* CameraTestApp.swift */,
				4D9B53F927D15E300041DFF3 /* ContentView.swift */,
				4D9B53FB27D15E310041DFF3 /* Assets.xcassets */,
				4D9B540027D15E310041DFF3 /* CameraTest.entitlements */,
				4D9B53FD27D15E310041DFF3 /* Preview Content */,
				4D0C47FA27E3F5F0002FFCAA /* CameraPreview.swift */,
				4D0C47FC27E3FA3B002FFCAA /* CameraModel.swift */,
				4D0C47FE27E3FAFC002FFCAA /* AppModel.swift */,
				4D5670CD2845CD7100AB80EF /* ExtensionHelper.swift */,
			);
			path = CameraTest;
			sourceTree = "<group>";
		};
		4D9B53FD27D15E310041DFF3 /* Preview Content */ = {
			isa = PBXGroup;
			children = (
				4D9B53FE27D15E310041DFF3 /* Preview Assets.xcassets */,
			);
			path = "Preview Content";
			sourceTree = "<group>";
		};
		4D9B540B27D15ED60041DFF3 /* camera */ = {
			isa = PBXGroup;
			children = (
				4D9B540C27D15ED60041DFF3 /* cameraProvider.swift */,
				4D9B540E27D15ED60041DFF3 /* main.swift */,
				4D9B541027D15ED60041DFF3 /* Info.plist */,
				4D9B541127D15ED60041DFF3 /* camera.entitlements */,
			);
			path = camera;
			sourceTree = "<group>";
		};
/* End PBXGroup section */

/* Begin PBXNativeTarget section */
		4D7E00DC283C4219005B3599 /* XPCService */ = {
			isa = PBXNativeTarget;
			buildConfigurationList = 4D7E00EC283C4219005B3599 /* Build configuration list for PBXNativeTarget "XPCService" */;
			buildPhases = (
				4D7E00D9283C4219005B3599 /* Sources */,
				4D7E00DA283C4219005B3599 /* Frameworks */,
				4D7E00DB283C4219005B3599 /* Resources */,
			);
			buildRules = (
			);
			dependencies = (
			);
			name = XPCService;
			productName = XPCService;
			productReference = 4D7E00DD283C4219005B3599 /* XPCService.xpc */;
			productType = "com.apple.product-type.xpc-service";
		};
		4D9B53F327D15E300041DFF3 /* CameraTest */ = {
			isa = PBXNativeTarget;
			buildConfigurationList = 4D9B540327D15E310041DFF3 /* Build configuration list for PBXNativeTarget "CameraTest" */;
			buildPhases = (
				4D9B53F027D15E300041DFF3 /* Sources */,
				4D9B53F127D15E300041DFF3 /* Frameworks */,
				4D9B53F227D15E300041DFF3 /* Resources */,
				4D9B541827D15ED60041DFF3 /* Embed System Extensions */,
				4D7E00E9283C4219005B3599 /* Embed XPC Services */,
			);
			buildRules = (
			);
			dependencies = (
				4D9B541327D15ED60041DFF3 /* PBXTargetDependency */,
				4D7E00E7283C4219005B3599 /* PBXTargetDependency */,
			);
			name = CameraTest;
			productName = CameraTest;
			productReference = 4D9B53F427D15E300041DFF3 /* CameraTest.app */;
			productType = "com.apple.product-type.application";
		};
		4D9B540927D15ED60041DFF3 /* camera */ = {
			isa = PBXNativeTarget;
			buildConfigurationList = 4D9B541527D15ED60041DFF3 /* Build configuration list for PBXNativeTarget "camera" */;
			buildPhases = (
				4D9B540627D15ED60041DFF3 /* Sources */,
				4D9B540727D15ED60041DFF3 /* Frameworks */,
				4D9B540827D15ED60041DFF3 /* Resources */,
			);
			buildRules = (
			);
			dependencies = (
			);
			name = camera;
			productName = camera;
			productReference = 4D9B540A27D15ED60041DFF3 /* app.mmhmm.CameraTest.camera.systemextension */;
			productType = "com.apple.product-type.system-extension";
		};
/* End PBXNativeTarget section */

/* Begin PBXProject section */
		4D9B53EC27D15E300041DFF3 /* Project object */ = {
			isa = PBXProject;
			attributes = {
				BuildIndependentTargetsInParallel = 1;
				LastSwiftUpdateCheck = 1330;
				LastUpgradeCheck = 1330;
				TargetAttributes = {
					4D7E00DC283C4219005B3599 = {
						CreatedOnToolsVersion = 13.4;
					};
					4D9B53F327D15E300041DFF3 = {
						CreatedOnToolsVersion = 13.3;
					};
					4D9B540927D15ED60041DFF3 = {
						CreatedOnToolsVersion = 13.3;
					};
				};
			};
			buildConfigurationList = 4D9B53EF27D15E300041DFF3 /* Build configuration list for PBXProject "CameraTest" */;
			compatibilityVersion = "Xcode 13.0";
			developmentRegion = en;
			hasScannedForEncodings = 0;
			knownRegions = (
				en,
				Base,
			);
			mainGroup = 4D9B53EB27D15E300041DFF3;
			productRefGroup = 4D9B53F527D15E300041DFF3 /* Products */;
			projectDirPath = "";
			projectRoot = "";
			targets = (
				4D9B53F327D15E300041DFF3 /* CameraTest */,
				4D9B540927D15ED60041DFF3 /* camera */,
				4D7E00DC283C4219005B3599 /* XPCService */,
			);
		};
/* End PBXProject section */

/* Begin PBXResourcesBuildPhase section */
		4D7E00DB283C4219005B3599 /* Resources */ = {
			isa = PBXResourcesBuildPhase;
			buildActionMask = 2147483647;
			files = (
			);
			runOnlyForDeploymentPostprocessing = 0;
		};
		4D9B53F227D15E300041DFF3 /* Resources */ = {
			isa = PBXResourcesBuildPhase;
			buildActionMask = 2147483647;
			files = (
				4D9B53FF27D15E310041DFF3 /* Preview Assets.xcassets in Resources */,
				4D9B53FC27D15E310041DFF3 /* Assets.xcassets in Resources */,
			);
			runOnlyForDeploymentPostprocessing = 0;
		};
		4D9B540827D15ED60041DFF3 /* Resources */ = {
			isa = PBXResourcesBuildPhase;
			buildActionMask = 2147483647;
			files = (
			);
			runOnlyForDeploymentPostprocessing = 0;
		};
/* End PBXResourcesBuildPhase section */

/* Begin PBXSourcesBuildPhase section */
		4D7E00D9283C4219005B3599 /* Sources */ = {
			isa = PBXSourcesBuildPhase;
			buildActionMask = 2147483647;
			files = (
				4D7E00E4283C4219005B3599 /* main.swift in Sources */,
				4D7E00EF283C4B61005B3599 /* XPCServiceProtocol.swift in Sources */,
				4D7E00E2283C4219005B3599 /* XPCService.swift in Sources */,
				4D7E00EE283C4AAF005B3599 /* XPCServiceDelegate.swift in Sources */,
			);
			runOnlyForDeploymentPostprocessing = 0;
		};
		4D9B53F027D15E300041DFF3 /* Sources */ = {
			isa = PBXSourcesBuildPhase;
			buildActionMask = 2147483647;
			files = (
				4D0C47FB27E3F5F0002FFCAA /* CameraPreview.swift in Sources */,
				4D7E00F0283C4B88005B3599 /* XPCServiceProtocol.swift in Sources */,
				4D9B53FA27D15E300041DFF3 /* ContentView.swift in Sources */,
				4D5670CE2845CD7100AB80EF /* ExtensionHelper.swift in Sources */,
				4D0C47FD27E3FA3B002FFCAA /* CameraModel.swift in Sources */,
				4D0C47FF27E3FAFC002FFCAA /* AppModel.swift in Sources */,
				4D9B53F827D15E300041DFF3 /* CameraTestApp.swift in Sources */,
			);
			runOnlyForDeploymentPostprocessing = 0;
		};
		4D9B540627D15ED60041DFF3 /* Sources */ = {
			isa = PBXSourcesBuildPhase;
			buildActionMask = 2147483647;
			files = (
				4D9B540F27D15ED60041DFF3 /* main.swift in Sources */,
				4D7E00F1283C4C40005B3599 /* XPCServiceProtocol.swift in Sources */,
				4D9B540D27D15ED60041DFF3 /* cameraProvider.swift in Sources */,
				4D92726E283D75110026508E /* XPCService.swift in Sources */,
				4D92726F283D75140026508E /* XPCServiceDelegate.swift in Sources */,
			);
			runOnlyForDeploymentPostprocessing = 0;
		};
/* End PBXSourcesBuildPhase section */

/* Begin PBXTargetDependency section */
		4D7E00E7283C4219005B3599 /* PBXTargetDependency */ = {
			isa = PBXTargetDependency;
			target = 4D7E00DC283C4219005B3599 /* XPCService */;
			targetProxy = 4D7E00E6283C4219005B3599 /* PBXContainerItemProxy */;
		};
		4D9B541327D15ED60041DFF3 /* PBXTargetDependency */ = {
			isa = PBXTargetDependency;
			target = 4D9B540927D15ED60041DFF3 /* camera */;
			targetProxy = 4D9B541227D15ED60041DFF3 /* PBXContainerItemProxy */;
		};
/* End PBXTargetDependency section */

/* Begin XCBuildConfiguration section */
		4D7E00EA283C4219005B3599 /* Debug */ = {
			isa = XCBuildConfiguration;
			buildSettings = {
				CODE_SIGN_ENTITLEMENTS = XPCService/XPCService.entitlements;
				CODE_SIGN_STYLE = Automatic;
				COMBINE_HIDPI_IMAGES = YES;
				CURRENT_PROJECT_VERSION = 1;
				DEVELOPMENT_TEAM = M3KUT44L48;
				ENABLE_HARDENED_RUNTIME = YES;
				GENERATE_INFOPLIST_FILE = YES;
				INFOPLIST_FILE = XPCService/Info.plist;
				INFOPLIST_KEY_CFBundleDisplayName = XPCService;
				INFOPLIST_KEY_NSHumanReadableCopyright = "";
				MARKETING_VERSION = 1.0;
				PRODUCT_BUNDLE_IDENTIFIER = app.mmhmm.XPCService;
				PRODUCT_NAME = "$(TARGET_NAME)";
				SKIP_INSTALL = YES;
				SWIFT_EMIT_LOC_STRINGS = YES;
				SWIFT_VERSION = 5.0;
			};
			name = Debug;
		};
		4D7E00EB283C4219005B3599 /* Release */ = {
			isa = XCBuildConfiguration;
			buildSettings = {
				CODE_SIGN_ENTITLEMENTS = XPCService/XPCService.entitlements;
				CODE_SIGN_STYLE = Automatic;
				COMBINE_HIDPI_IMAGES = YES;
				CURRENT_PROJECT_VERSION = 1;
				DEVELOPMENT_TEAM = M3KUT44L48;
				ENABLE_HARDENED_RUNTIME = YES;
				GENERATE_INFOPLIST_FILE = YES;
				INFOPLIST_FILE = XPCService/Info.plist;
				INFOPLIST_KEY_CFBundleDisplayName = XPCService;
				INFOPLIST_KEY_NSHumanReadableCopyright = "";
				MARKETING_VERSION = 1.0;
				PRODUCT_BUNDLE_IDENTIFIER = app.mmhmm.XPCService;
				PRODUCT_NAME = "$(TARGET_NAME)";
				SKIP_INSTALL = YES;
				SWIFT_EMIT_LOC_STRINGS = YES;
				SWIFT_VERSION = 5.0;
			};
			name = Release;
		};
		4D9B540127D15E310041DFF3 /* Debug */ = {
			isa = XCBuildConfiguration;
			buildSettings = {
				ALWAYS_SEARCH_USER_PATHS = NO;
				CLANG_ANALYZER_NONNULL = YES;
				CLANG_ANALYZER_NUMBER_OBJECT_CONVERSION = YES_AGGRESSIVE;
				CLANG_CXX_LANGUAGE_STANDARD = "gnu++17";
				CLANG_ENABLE_MODULES = YES;
				CLANG_ENABLE_OBJC_ARC = YES;
				CLANG_ENABLE_OBJC_WEAK = YES;
				CLANG_WARN_BLOCK_CAPTURE_AUTORELEASING = YES;
				CLANG_WARN_BOOL_CONVERSION = YES;
				CLANG_WARN_COMMA = YES;
				CLANG_WARN_CONSTANT_CONVERSION = YES;
				CLANG_WARN_DEPRECATED_OBJC_IMPLEMENTATIONS = YES;
				CLANG_WARN_DIRECT_OBJC_ISA_USAGE = YES_ERROR;
				CLANG_WARN_DOCUMENTATION_COMMENTS = YES;
				CLANG_WARN_EMPTY_BODY = YES;
				CLANG_WARN_ENUM_CONVERSION = YES;
				CLANG_WARN_INFINITE_RECURSION = YES;
				CLANG_WARN_INT_CONVERSION = YES;
				CLANG_WARN_NON_LITERAL_NULL_CONVERSION = YES;
				CLANG_WARN_OBJC_IMPLICIT_RETAIN_SELF = YES;
				CLANG_WARN_OBJC_LITERAL_CONVERSION = YES;
				CLANG_WARN_OBJC_ROOT_CLASS = YES_ERROR;
				CLANG_WARN_QUOTED_INCLUDE_IN_FRAMEWORK_HEADER = YES;
				CLANG_WARN_RANGE_LOOP_ANALYSIS = YES;
				CLANG_WARN_STRICT_PROTOTYPES = YES;
				CLANG_WARN_SUSPICIOUS_MOVE = YES;
				CLANG_WARN_UNGUARDED_AVAILABILITY = YES_AGGRESSIVE;
				CLANG_WARN_UNREACHABLE_CODE = YES;
				CLANG_WARN__DUPLICATE_METHOD_MATCH = YES;
				COPY_PHASE_STRIP = NO;
				DEBUG_INFORMATION_FORMAT = dwarf;
				ENABLE_STRICT_OBJC_MSGSEND = YES;
				ENABLE_TESTABILITY = YES;
				GCC_C_LANGUAGE_STANDARD = gnu11;
				GCC_DYNAMIC_NO_PIC = NO;
				GCC_NO_COMMON_BLOCKS = YES;
				GCC_OPTIMIZATION_LEVEL = 0;
				GCC_PREPROCESSOR_DEFINITIONS = (
					"DEBUG=1",
					"$(inherited)",
				);
				GCC_WARN_64_TO_32_BIT_CONVERSION = YES;
				GCC_WARN_ABOUT_RETURN_TYPE = YES_ERROR;
				GCC_WARN_UNDECLARED_SELECTOR = YES;
				GCC_WARN_UNINITIALIZED_AUTOS = YES_AGGRESSIVE;
				GCC_WARN_UNUSED_FUNCTION = YES;
				GCC_WARN_UNUSED_VARIABLE = YES;
				MACOSX_DEPLOYMENT_TARGET = 12.3;
				MTL_ENABLE_DEBUG_INFO = INCLUDE_SOURCE;
				MTL_FAST_MATH = YES;
				ONLY_ACTIVE_ARCH = YES;
				SDKROOT = macosx;
				SWIFT_ACTIVE_COMPILATION_CONDITIONS = DEBUG;
				SWIFT_OPTIMIZATION_LEVEL = "-Onone";
			};
			name = Debug;
		};
		4D9B540227D15E310041DFF3 /* Release */ = {
			isa = XCBuildConfiguration;
			buildSettings = {
				ALWAYS_SEARCH_USER_PATHS = NO;
				CLANG_ANALYZER_NONNULL = YES;
				CLANG_ANALYZER_NUMBER_OBJECT_CONVERSION = YES_AGGRESSIVE;
				CLANG_CXX_LANGUAGE_STANDARD = "gnu++17";
				CLANG_ENABLE_MODULES = YES;
				CLANG_ENABLE_OBJC_ARC = YES;
				CLANG_ENABLE_OBJC_WEAK = YES;
				CLANG_WARN_BLOCK_CAPTURE_AUTORELEASING = YES;
				CLANG_WARN_BOOL_CONVERSION = YES;
				CLANG_WARN_COMMA = YES;
				CLANG_WARN_CONSTANT_CONVERSION = YES;
				CLANG_WARN_DEPRECATED_OBJC_IMPLEMENTATIONS = YES;
				CLANG_WARN_DIRECT_OBJC_ISA_USAGE = YES_ERROR;
				CLANG_WARN_DOCUMENTATION_COMMENTS = YES;
				CLANG_WARN_EMPTY_BODY = YES;
				CLANG_WARN_ENUM_CONVERSION = YES;
				CLANG_WARN_INFINITE_RECURSION = YES;
				CLANG_WARN_INT_CONVERSION = YES;
				CLANG_WARN_NON_LITERAL_NULL_CONVERSION = YES;
				CLANG_WARN_OBJC_IMPLICIT_RETAIN_SELF = YES;
				CLANG_WARN_OBJC_LITERAL_CONVERSION = YES;
				CLANG_WARN_OBJC_ROOT_CLASS = YES_ERROR;
				CLANG_WARN_QUOTED_INCLUDE_IN_FRAMEWORK_HEADER = YES;
				CLANG_WARN_RANGE_LOOP_ANALYSIS = YES;
				CLANG_WARN_STRICT_PROTOTYPES = YES;
				CLANG_WARN_SUSPICIOUS_MOVE = YES;
				CLANG_WARN_UNGUARDED_AVAILABILITY = YES_AGGRESSIVE;
				CLANG_WARN_UNREACHABLE_CODE = YES;
				CLANG_WARN__DUPLICATE_METHOD_MATCH = YES;
				COPY_PHASE_STRIP = NO;
				DEBUG_INFORMATION_FORMAT = "dwarf-with-dsym";
				ENABLE_NS_ASSERTIONS = NO;
				ENABLE_STRICT_OBJC_MSGSEND = YES;
				GCC_C_LANGUAGE_STANDARD = gnu11;
				GCC_NO_COMMON_BLOCKS = YES;
				GCC_WARN_64_TO_32_BIT_CONVERSION = YES;
				GCC_WARN_ABOUT_RETURN_TYPE = YES_ERROR;
				GCC_WARN_UNDECLARED_SELECTOR = YES;
				GCC_WARN_UNINITIALIZED_AUTOS = YES_AGGRESSIVE;
				GCC_WARN_UNUSED_FUNCTION = YES;
				GCC_WARN_UNUSED_VARIABLE = YES;
				MACOSX_DEPLOYMENT_TARGET = 12.3;
				MTL_ENABLE_DEBUG_INFO = NO;
				MTL_FAST_MATH = YES;
				SDKROOT = macosx;
				SWIFT_COMPILATION_MODE = wholemodule;
				SWIFT_OPTIMIZATION_LEVEL = "-O";
			};
			name = Release;
		};
		4D9B540427D15E310041DFF3 /* Debug */ = {
			isa = XCBuildConfiguration;
			buildSettings = {
				ALWAYS_EMBED_SWIFT_STANDARD_LIBRARIES = YES;
				ASSETCATALOG_COMPILER_APPICON_NAME = AppIcon;
				ASSETCATALOG_COMPILER_GLOBAL_ACCENT_COLOR_NAME = AccentColor;
				CODE_SIGN_ENTITLEMENTS = CameraTest/CameraTest.entitlements;
				CODE_SIGN_STYLE = Automatic;
				COMBINE_HIDPI_IMAGES = YES;
				CURRENT_PROJECT_VERSION = 1;
				DEVELOPMENT_ASSET_PATHS = "\"CameraTest/Preview Content\"";
				DEVELOPMENT_TEAM = M3KUT44L48;
				ENABLE_HARDENED_RUNTIME = YES;
				ENABLE_PREVIEWS = YES;
				GENERATE_INFOPLIST_FILE = YES;
				INFOPLIST_KEY_NSHumanReadableCopyright = "";
				LD_RUNPATH_SEARCH_PATHS = (
					"$(inherited)",
					"@executable_path/../Frameworks",
				);
				MARKETING_VERSION = 1.0;
				PRODUCT_BUNDLE_IDENTIFIER = app.mmhmm.CameraTest;
				PRODUCT_NAME = "$(TARGET_NAME)";
				SWIFT_EMIT_LOC_STRINGS = YES;
				SWIFT_VERSION = 5.0;
			};
			name = Debug;
		};
		4D9B540527D15E310041DFF3 /* Release */ = {
			isa = XCBuildConfiguration;
			buildSettings = {
				ALWAYS_EMBED_SWIFT_STANDARD_LIBRARIES = YES;
				ASSETCATALOG_COMPILER_APPICON_NAME = AppIcon;
				ASSETCATALOG_COMPILER_GLOBAL_ACCENT_COLOR_NAME = AccentColor;
				CODE_SIGN_ENTITLEMENTS = CameraTest/CameraTest.entitlements;
				CODE_SIGN_STYLE = Automatic;
				COMBINE_HIDPI_IMAGES = YES;
				CURRENT_PROJECT_VERSION = 1;
				DEVELOPMENT_ASSET_PATHS = "\"CameraTest/Preview Content\"";
				DEVELOPMENT_TEAM = M3KUT44L48;
				ENABLE_HARDENED_RUNTIME = YES;
				ENABLE_PREVIEWS = YES;
				GENERATE_INFOPLIST_FILE = YES;
				INFOPLIST_KEY_NSHumanReadableCopyright = "";
				LD_RUNPATH_SEARCH_PATHS = (
					"$(inherited)",
					"@executable_path/../Frameworks",
				);
				MARKETING_VERSION = 1.0;
				PRODUCT_BUNDLE_IDENTIFIER = app.mmhmm.CameraTest;
				PRODUCT_NAME = "$(TARGET_NAME)";
				SWIFT_EMIT_LOC_STRINGS = YES;
				SWIFT_VERSION = 5.0;
			};
			name = Release;
		};
		4D9B541627D15ED60041DFF3 /* Debug */ = {
			isa = XCBuildConfiguration;
			buildSettings = {
				CODE_SIGN_ENTITLEMENTS = camera/camera.entitlements;
				CODE_SIGN_STYLE = Automatic;
				CURRENT_PROJECT_VERSION = 1;
				DEVELOPMENT_TEAM = M3KUT44L48;
				ENABLE_HARDENED_RUNTIME = YES;
				GENERATE_INFOPLIST_FILE = YES;
				INFOPLIST_FILE = camera/Info.plist;
				INFOPLIST_KEY_CFBundleDisplayName = camera;
				INFOPLIST_KEY_NSHumanReadableCopyright = "";
				LD_RUNPATH_SEARCH_PATHS = (
					"$(inherited)",
					"@executable_path/../Frameworks",
					"@executable_path/../../../../Frameworks",
				);
				MACOSX_DEPLOYMENT_TARGET = 12.3;
				MARKETING_VERSION = 1.0;
				PRODUCT_BUNDLE_IDENTIFIER = app.mmhmm.CameraTest.camera;
				PRODUCT_NAME = "$(inherited)";
				SKIP_INSTALL = YES;
				SWIFT_EMIT_LOC_STRINGS = YES;
				SWIFT_VERSION = 5.0;
			};
			name = Debug;
		};
		4D9B541727D15ED60041DFF3 /* Release */ = {
			isa = XCBuildConfiguration;
			buildSettings = {
				CODE_SIGN_ENTITLEMENTS = camera/camera.entitlements;
				CODE_SIGN_STYLE = Automatic;
				CURRENT_PROJECT_VERSION = 1;
				DEVELOPMENT_TEAM = M3KUT44L48;
				ENABLE_HARDENED_RUNTIME = YES;
				GENERATE_INFOPLIST_FILE = YES;
				INFOPLIST_FILE = camera/Info.plist;
				INFOPLIST_KEY_CFBundleDisplayName = camera;
				INFOPLIST_KEY_NSHumanReadableCopyright = "";
				LD_RUNPATH_SEARCH_PATHS = (
					"$(inherited)",
					"@executable_path/../Frameworks",
					"@executable_path/../../../../Frameworks",
				);
				MACOSX_DEPLOYMENT_TARGET = 12.3;
				MARKETING_VERSION = 1.0;
				PRODUCT_BUNDLE_IDENTIFIER = app.mmhmm.CameraTest.camera;
				PRODUCT_NAME = "$(inherited)";
				SKIP_INSTALL = YES;
				SWIFT_EMIT_LOC_STRINGS = YES;
				SWIFT_VERSION = 5.0;
			};
			name = Release;
		};
/* End XCBuildConfiguration section */

/* Begin XCConfigurationList section */
		4D7E00EC283C4219005B3599 /* Build configuration list for PBXNativeTarget "XPCService" */ = {
			isa = XCConfigurationList;
			buildConfigurations = (
				4D7E00EA283C4219005B3599 /* Debug */,
				4D7E00EB283C4219005B3599 /* Release */,
			);
			defaultConfigurationIsVisible = 0;
			defaultConfigurationName = Release;
		};
		4D9B53EF27D15E300041DFF3 /* Build configuration list for PBXProject "CameraTest" */ = {
			isa = XCConfigurationList;
			buildConfigurations = (
				4D9B540127D15E310041DFF3 /* Debug */,
				4D9B540227D15E310041DFF3 /* Release */,
			);
			defaultConfigurationIsVisible = 0;
			defaultConfigurationName = Release;
		};
		4D9B540327D15E310041DFF3 /* Build configuration list for PBXNativeTarget "CameraTest" */ = {
			isa = XCConfigurationList;
			buildConfigurations = (
				4D9B540427D15E310041DFF3 /* Debug */,
				4D9B540527D15E310041DFF3 /* Release */,
			);
			defaultConfigurationIsVisible = 0;
			defaultConfigurationName = Release;
		};
		4D9B541527D15ED60041DFF3 /* Build configuration list for PBXNativeTarget "camera" */ = {
			isa = XCConfigurationList;
			buildConfigurations = (
				4D9B541627D15ED60041DFF3 /* Debug */,
				4D9B541727D15ED60041DFF3 /* Release */,
			);
			defaultConfigurationIsVisible = 0;
			defaultConfigurationName = Release;
		};
/* End XCConfigurationList section */
	};
	rootObject = 4D9B53EC27D15E300041DFF3 /* Project object */;
}
